
Microsoft Visual Studio Solution File, Format Version 12.00
# Visual Studio Version 17
VisualStudioVersion = 17.0.32014.148
MinimumVisualStudioVersion = 10.0.40219.1
Project("{9A19103F-16F7-4668-BE54-9A1E7A4F7556}") = "WorklogService", "WorklogService\WorklogService.csproj", "{980BC22A-81F6-461C-A4D3-9BE10420DE89}"
EndProject
Project("{FAE04EC0-301F-11D3-BF4B-00C04F79EFBC}") = "WorklogServiceTest", "WorklogServiceTest\WorklogServiceTest.csproj", "{1677136A-AED1-4A9B-B493-4A7355ABFAE5}"
EndProject
Global
	GlobalSection(SolutionConfigurationPlatforms) = preSolution
		Debug|Any CPU = Debug|Any CPU
		Release|Any CPU = Release|Any CPU
	EndGlobalSection
	GlobalSection(ProjectConfigurationPlatforms) = postSolution
		{980BC22A-81F6-461C-A4D3-9BE10420DE89}.Debug|Any CPU.ActiveCfg = Debug|Any CPU
		{980BC22A-81F6-461C-A4D3-9BE10420DE89}.Debug|Any CPU.Build.0 = Debug|Any CPU
		{980BC22A-81F6-461C-A4D3-9BE10420DE89}.Release|Any CPU.ActiveCfg = Release|Any CPU
		{980BC22A-81F6-461C-A4D3-9BE10420DE89}.Release|Any CPU.Build.0 = Release|Any CPU
		{1677136A-AED1-4A9B-B493-4A7355ABFAE5}.Debug|Any CPU.ActiveCfg = Debug|Any CPU
		{1677136A-AED1-4A9B-B493-4A7355ABFAE5}.Debug|Any CPU.Build.0 = Debug|Any CPU
		{1677136A-AED1-4A9B-B493-4A7355ABFAE5}.Release|Any CPU.ActiveCfg = Release|Any CPU
		{1677136A-AED1-4A9B-B493-4A7355ABFAE5}.Release|Any CPU.Build.0 = Release|Any CPU
	EndGlobalSection
	GlobalSection(SolutionProperties) = preSolution
		HideSolutionNode = FALSE
	EndGlobalSection
	GlobalSection(ExtensibilityGlobals) = postSolution
		SolutionGuid = {56142B0B-6641-49FF-BF76-2601163FF1CB}
	EndGlobalSection
EndGlobal
